
Microsoft Visual Studio Solution File, Format Version 12.00
# Visual Studio Version 17
VisualStudioVersion = 17.0.32014.148
MinimumVisualStudioVersion = 10.0.40219.1
Project("{9A19103F-16F7-4668-BE54-9A1E7A4F7556}") = "API2", "API2\API2.csproj", "{9A323A2C-AC78-4246-9E8B-700348D57EB8}"
EndProject
Project("{FAE04EC0-301F-11D3-BF4B-00C04F79EFBC}") = "Client", "Client\Client.csproj", "{4E8601F9-1C6D-415A-A3D6-1D36D3E2DAF5}"
EndProject
Global
	GlobalSection(SolutionConfigurationPlatforms) = preSolution
		Debug|Any CPU = Debug|Any CPU
		Release|Any CPU = Release|Any CPU
	EndGlobalSection
	GlobalSection(ProjectConfigurationPlatforms) = postSolution
		{9A323A2C-AC78-4246-9E8B-700348D57EB8}.Debug|Any CPU.ActiveCfg = Debug|Any CPU
		{9A323A2C-AC78-4246-9E8B-700348D57EB8}.Debug|Any CPU.Build.0 = Debug|Any CPU
		{9A323A2C-AC78-4246-9E8B-700348D57EB8}.Release|Any CPU.ActiveCfg = Release|Any CPU
		{9A323A2C-AC78-4246-9E8B-700348D57EB8}.Release|Any CPU.Build.0 = Release|Any CPU
		{4E8601F9-1C6D-415A-A3D6-1D36D3E2DAF5}.Debug|Any CPU.ActiveCfg = Debug|Any CPU
		{4E8601F9-1C6D-415A-A3D6-1D36D3E2DAF5}.Debug|Any CPU.Build.0 = Debug|Any CPU
		{4E8601F9-1C6D-415A-A3D6-1D36D3E2DAF5}.Release|Any CPU.ActiveCfg = Release|Any CPU
		{4E8601F9-1C6D-415A-A3D6-1D36D3E2DAF5}.Release|Any CPU.Build.0 = Release|Any CPU
	EndGlobalSection
	GlobalSection(SolutionProperties) = preSolution
		HideSolutionNode = FALSE
	EndGlobalSection
	GlobalSection(ExtensibilityGlobals) = postSolution
		SolutionGuid = {082A1CA0-E755-4746-876B-CE9E76DE969A}
	EndGlobalSection
EndGlobal
